// !$*UTF8*$!
{
	archiveVersion = 1;
	classes = {
	};
	objectVersion = 55;
	objects = {

/* Begin PBXBuildFile section */
		63C2C39E2AB36BE4003244DC /* Tests_iOS.swift in Sources */ = {isa = PBXBuildFile; fileRef = 63C2C39D2AB36BE4003244DC /* Tests_iOS.swift */; };
		63C2C3A02AB36BE4003244DC /* Tests_iOSLaunchTests.swift in Sources */ = {isa = PBXBuildFile; fileRef = 63C2C39F2AB36BE4003244DC /* Tests_iOSLaunchTests.swift */; };
		63C2C3AA2AB36BE4003244DC /* Tests_macOS.swift in Sources */ = {isa = PBXBuildFile; fileRef = 63C2C3A92AB36BE4003244DC /* Tests_macOS.swift */; };
		63C2C3AC2AB36BE4003244DC /* Tests_macOSLaunchTests.swift in Sources */ = {isa = PBXBuildFile; fileRef = 63C2C3AB2AB36BE4003244DC /* Tests_macOSLaunchTests.swift */; };
		63C2C3AD2AB36BE4003244DC /* GitdemoApp.swift in Sources */ = {isa = PBXBuildFile; fileRef = 63C2C3852AB36BE1003244DC /* GitdemoApp.swift */; };
		63C2C3AE2AB36BE4003244DC /* GitdemoApp.swift in Sources */ = {isa = PBXBuildFile; fileRef = 63C2C3852AB36BE1003244DC /* GitdemoApp.swift */; };
		63C2C3AF2AB36BE4003244DC /* ContentView.swift in Sources */ = {isa = PBXBuildFile; fileRef = 63C2C3862AB36BE1003244DC /* ContentView.swift */; };
		63C2C3B02AB36BE4003244DC /* ContentView.swift in Sources */ = {isa = PBXBuildFile; fileRef = 63C2C3862AB36BE1003244DC /* ContentView.swift */; };
		63C2C3B12AB36BE4003244DC /* Assets.xcassets in Resources */ = {isa = PBXBuildFile; fileRef = 63C2C3872AB36BE3003244DC /* Assets.xcassets */; };
		63C2C3B22AB36BE4003244DC /* Assets.xcassets in Resources */ = {isa = PBXBuildFile; fileRef = 63C2C3872AB36BE3003244DC /* Assets.xcassets */; };
/* End PBXBuildFile section */

/* Begin PBXContainerItemProxy section */
		63C2C39A2AB36BE4003244DC /* PBXContainerItemProxy */ = {
			isa = PBXContainerItemProxy;
			containerPortal = 63C2C3802AB36BE1003244DC /* Project object */;
			proxyType = 1;
			remoteGlobalIDString = 63C2C38B2AB36BE3003244DC;
			remoteInfo = "Gitdemo (iOS)";
		};
		63C2C3A62AB36BE4003244DC /* PBXContainerItemProxy */ = {
			isa = PBXContainerItemProxy;
			containerPortal = 63C2C3802AB36BE1003244DC /* Project object */;
			proxyType = 1;
			remoteGlobalIDString = 63C2C3912AB36BE4003244DC;
			remoteInfo = "Gitdemo (macOS)";
		};
/* End PBXContainerItemProxy section */

/* Begin PBXFileReference section */
		63C2C3852AB36BE1003244DC /* GitdemoApp.swift */ = {isa = PBXFileReference; lastKnownFileType = sourcecode.swift; path = GitdemoApp.swift; sourceTree = "<group>"; };
		63C2C3862AB36BE1003244DC /* ContentView.swift */ = {isa = PBXFileReference; lastKnownFileType = sourcecode.swift; path = ContentView.swift; sourceTree = "<group>"; };
		63C2C3872AB36BE3003244DC /* Assets.xcassets */ = {isa = PBXFileReference; lastKnownFileType = folder.assetcatalog; path = Assets.xcassets; sourceTree = "<group>"; };
		63C2C38C2AB36BE3003244DC /* Gitdemo.app */ = {isa = PBXFileReference; explicitFileType = wrapper.application; includeInIndex = 0; path = Gitdemo.app; sourceTree = BUILT_PRODUCTS_DIR; };
		63C2C3922AB36BE4003244DC /* Gitdemo.app */ = {isa = PBXFileReference; explicitFileType = wrapper.application; includeInIndex = 0; path = Gitdemo.app; sourceTree = BUILT_PRODUCTS_DIR; };
		63C2C3942AB36BE4003244DC /* macOS.entitlements */ = {isa = PBXFileReference; lastKnownFileType = text.plist.entitlements; path = macOS.entitlements; sourceTree = "<group>"; };
		63C2C3992AB36BE4003244DC /* Tests iOS.xctest */ = {isa = PBXFileReference; explicitFileType = wrapper.cfbundle; includeInIndex = 0; path = "Tests iOS.xctest"; sourceTree = BUILT_PRODUCTS_DIR; };
		63C2C39D2AB36BE4003244DC /* Tests_iOS.swift */ = {isa = PBXFileReference; lastKnownFileType = sourcecode.swift; path = Tests_iOS.swift; sourceTree = "<group>"; };
		63C2C39F2AB36BE4003244DC /* Tests_iOSLaunchTests.swift */ = {isa = PBXFileReference; lastKnownFileType = sourcecode.swift; path = Tests_iOSLaunchTests.swift; sourceTree = "<group>"; };
		63C2C3A52AB36BE4003244DC /* Tests macOS.xctest */ = {isa = PBXFileReference; explicitFileType = wrapper.cfbundle; includeInIndex = 0; path = "Tests macOS.xctest"; sourceTree = BUILT_PRODUCTS_DIR; };
		63C2C3A92AB36BE4003244DC /* Tests_macOS.swift */ = {isa = PBXFileReference; lastKnownFileType = sourcecode.swift; path = Tests_macOS.swift; sourceTree = "<group>"; };
		63C2C3AB2AB36BE4003244DC /* Tests_macOSLaunchTests.swift */ = {isa = PBXFileReference; lastKnownFileType = sourcecode.swift; path = Tests_macOSLaunchTests.swift; sourceTree = "<group>"; };
/* End PBXFileReference section */

/* Begin PBXFrameworksBuildPhase section */
		63C2C3892AB36BE3003244DC /* Frameworks */ = {
			isa = PBXFrameworksBuildPhase;
			buildActionMask = 2147483647;
			files = (
			);
			runOnlyForDeploymentPostprocessing = 0;
		};
		63C2C38F2AB36BE4003244DC /* Frameworks */ = {
			isa = PBXFrameworksBuildPhase;
			buildActionMask = 2147483647;
			files = (
			);
			runOnlyForDeploymentPostprocessing = 0;
		};
		63C2C3962AB36BE4003244DC /* Frameworks */ = {
			isa = PBXFrameworksBuildPhase;
			buildActionMask = 2147483647;
			files = (
			);
			runOnlyForDeploymentPostprocessing = 0;
		};
		63C2C3A22AB36BE4003244DC /* Frameworks */ = {
			isa = PBXFrameworksBuildPhase;
			buildActionMask = 2147483647;
			files = (
			);
			runOnlyForDeploymentPostprocessing = 0;
		};
/* End PBXFrameworksBuildPhase section */

/* Begin PBXGroup section */
		63C2C37F2AB36BE1003244DC = {
			isa = PBXGroup;
			children = (
				63C2C3842AB36BE1003244DC /* Shared */,
				63C2C3932AB36BE4003244DC /* macOS */,
				63C2C39C2AB36BE4003244DC /* Tests iOS */,
				63C2C3A82AB36BE4003244DC /* Tests macOS */,
				63C2C38D2AB36BE3003244DC /* Products */,
			);
			sourceTree = "<group>";
		};
		63C2C3842AB36BE1003244DC /* Shared */ = {
			isa = PBXGroup;
			children = (
				63C2C3852AB36BE1003244DC /* GitdemoApp.swift */,
				63C2C3862AB36BE1003244DC /* ContentView.swift */,
				63C2C3872AB36BE3003244DC /* Assets.xcassets */,
			);
			path = Shared;
			sourceTree = "<group>";
		};
		63C2C38D2AB36BE3003244DC /* Products */ = {
			isa = PBXGroup;
			children = (
				63C2C38C2AB36BE3003244DC /* Gitdemo.app */,
				63C2C3922AB36BE4003244DC /* Gitdemo.app */,
				63C2C3992AB36BE4003244DC /* Tests iOS.xctest */,
				63C2C3A52AB36BE4003244DC /* Tests macOS.xctest */,
			);
			name = Products;
			sourceTree = "<group>";
		};
		63C2C3932AB36BE4003244DC /* macOS */ = {
			isa = PBXGroup;
			children = (
				63C2C3942AB36BE4003244DC /* macOS.entitlements */,
			);
			path = macOS;
			sourceTree = "<group>";
		};
		63C2C39C2AB36BE4003244DC /* Tests iOS */ = {
			isa = PBXGroup;
			children = (
				63C2C39D2AB36BE4003244DC /* Tests_iOS.swift */,
				63C2C39F2AB36BE4003244DC /* Tests_iOSLaunchTests.swift */,
			);
			path = "Tests iOS";
			sourceTree = "<group>";
		};
		63C2C3A82AB36BE4003244DC /* Tests macOS */ = {
			isa = PBXGroup;
			children = (
				63C2C3A92AB36BE4003244DC /* Tests_macOS.swift */,
				63C2C3AB2AB36BE4003244DC /* Tests_macOSLaunchTests.swift */,
			);
			path = "Tests macOS";
			sourceTree = "<group>";
		};
/* End PBXGroup section */

/* Begin PBXNativeTarget section */
		63C2C38B2AB36BE3003244DC /* Gitdemo (iOS) */ = {
			isa = PBXNativeTarget;
			buildConfigurationList = 63C2C3B52AB36BE4003244DC /* Build configuration list for PBXNativeTarget "Gitdemo (iOS)" */;
			buildPhases = (
				63C2C3882AB36BE3003244DC /* Sources */,
				63C2C3892AB36BE3003244DC /* Frameworks */,
				63C2C38A2AB36BE3003244DC /* Resources */,
			);
			buildRules = (
			);
			dependencies = (
			);
			name = "Gitdemo (iOS)";
			productName = "Gitdemo (iOS)";
			productReference = 63C2C38C2AB36BE3003244DC /* Gitdemo.app */;
			productType = "com.apple.product-type.application";
		};
		63C2C3912AB36BE4003244DC /* Gitdemo (macOS) */ = {
			isa = PBXNativeTarget;
			buildConfigurationList = 63C2C3B82AB36BE4003244DC /* Build configuration list for PBXNativeTarget "Gitdemo (macOS)" */;
			buildPhases = (
				63C2C38E2AB36BE4003244DC /* Sources */,
				63C2C38F2AB36BE4003244DC /* Frameworks */,
				63C2C3902AB36BE4003244DC /* Resources */,
			);
			buildRules = (
			);
			dependencies = (
			);
			name = "Gitdemo (macOS)";
			productName = "Gitdemo (macOS)";
			productReference = 63C2C3922AB36BE4003244DC /* Gitdemo.app */;
			productType = "com.apple.product-type.application";
		};
		63C2C3982AB36BE4003244DC /* Tests iOS */ = {
			isa = PBXNativeTarget;
			buildConfigurationList = 63C2C3BB2AB36BE4003244DC /* Build configuration list for PBXNativeTarget "Tests iOS" */;
			buildPhases = (
				63C2C3952AB36BE4003244DC /* Sources */,
				63C2C3962AB36BE4003244DC /* Frameworks */,
				63C2C3972AB36BE4003244DC /* Resources */,
			);
			buildRules = (
			);
			dependencies = (
				63C2C39B2AB36BE4003244DC /* PBXTargetDependency */,
			);
			name = "Tests iOS";
			productName = "Tests iOS";
			productReference = 63C2C3992AB36BE4003244DC /* Tests iOS.xctest */;
			productType = "com.apple.product-type.bundle.ui-testing";
		};
		63C2C3A42AB36BE4003244DC /* Tests macOS */ = {
			isa = PBXNativeTarget;
			buildConfigurationList = 63C2C3BE2AB36BE4003244DC /* Build configuration list for PBXNativeTarget "Tests macOS" */;
			buildPhases = (
				63C2C3A12AB36BE4003244DC /* Sources */,
				63C2C3A22AB36BE4003244DC /* Frameworks */,
				63C2C3A32AB36BE4003244DC /* Resources */,
			);
			buildRules = (
			);
			dependencies = (
				63C2C3A72AB36BE4003244DC /* PBXTargetDependency */,
			);
			name = "Tests macOS";
			productName = "Tests macOS";
			productReference = 63C2C3A52AB36BE4003244DC /* Tests macOS.xctest */;
			productType = "com.apple.product-type.bundle.ui-testing";
		};
/* End PBXNativeTarget section */

/* Begin PBXProject section */
		63C2C3802AB36BE1003244DC /* Project object */ = {
			isa = PBXProject;
			attributes = {
				BuildIndependentTargetsInParallel = 1;
				LastSwiftUpdateCheck = 1340;
				LastUpgradeCheck = 1340;
				TargetAttributes = {
					63C2C38B2AB36BE3003244DC = {
						CreatedOnToolsVersion = 13.4.1;
					};
					63C2C3912AB36BE4003244DC = {
						CreatedOnToolsVersion = 13.4.1;
					};
					63C2C3982AB36BE4003244DC = {
						CreatedOnToolsVersion = 13.4.1;
						TestTargetID = 63C2C38B2AB36BE3003244DC;
					};
					63C2C3A42AB36BE4003244DC = {
						CreatedOnToolsVersion = 13.4.1;
						TestTargetID = 63C2C3912AB36BE4003244DC;
					};
				};
			};
			buildConfigurationList = 63C2C3832AB36BE1003244DC /* Build configuration list for PBXProject "Gitdemo" */;
			compatibilityVersion = "Xcode 13.0";
			developmentRegion = en;
			hasScannedForEncodings = 0;
			knownRegions = (
				en,
				Base,
			);
			mainGroup = 63C2C37F2AB36BE1003244DC;
			productRefGroup = 63C2C38D2AB36BE3003244DC /* Products */;
			projectDirPath = "";
			projectRoot = "";
			targets = (
				63C2C38B2AB36BE3003244DC /* Gitdemo (iOS) */,
				63C2C3912AB36BE4003244DC /* Gitdemo (macOS) */,
				63C2C3982AB36BE4003244DC /* Tests iOS */,
				63C2C3A42AB36BE4003244DC /* Tests macOS */,
			);
		};
/* End PBXProject section */

/* Begin PBXResourcesBuildPhase section */
		63C2C38A2AB36BE3003244DC /* Resources */ = {
			isa = PBXResourcesBuildPhase;
			buildActionMask = 2147483647;
			files = (
				63C2C3B12AB36BE4003244DC /* Assets.xcassets in Resources */,
			);
			runOnlyForDeploymentPostprocessing = 0;
		};
		63C2C3902AB36BE4003244DC /* Resources */ = {
			isa = PBXResourcesBuildPhase;
			buildActionMask = 2147483647;
			files = (
				63C2C3B22AB36BE4003244DC /* Assets.xcassets in Resources */,
			);
			runOnlyForDeploymentPostprocessing = 0;
		};
		63C2C3972AB36BE4003244DC /* Resources */ = {
			isa = PBXResourcesBuildPhase;
			buildActionMask = 2147483647;
			files = (
			);
			runOnlyForDeploymentPostprocessing = 0;
		};
		63C2C3A32AB36BE4003244DC /* Resources */ = {
			isa = PBXResourcesBuildPhase;
			buildActionMask = 2147483647;
			files = (
			);
			runOnlyForDeploymentPostprocessing = 0;
		};
/* End PBXResourcesBuildPhase section */

/* Begin PBXSourcesBuildPhase section */
		63C2C3882AB36BE3003244DC /* Sources */ = {
			isa = PBXSourcesBuildPhase;
			buildActionMask = 2147483647;
			files = (
				63C2C3AF2AB36BE4003244DC /* ContentView.swift in Sources */,
				63C2C3AD2AB36BE4003244DC /* GitdemoApp.swift in Sources */,
			);
			runOnlyForDeploymentPostprocessing = 0;
		};
		63C2C38E2AB36BE4003244DC /* Sources */ = {
			isa = PBXSourcesBuildPhase;
			buildActionMask = 2147483647;
			files = (
				63C2C3B02AB36BE4003244DC /* ContentView.swift in Sources */,
				63C2C3AE2AB36BE4003244DC /* GitdemoApp.swift in Sources */,
			);
			runOnlyForDeploymentPostprocessing = 0;
		};
		63C2C3952AB36BE4003244DC /* Sources */ = {
			isa = PBXSourcesBuildPhase;
			buildActionMask = 2147483647;
			files = (
				63C2C3A02AB36BE4003244DC /* Tests_iOSLaunchTests.swift in Sources */,
				63C2C39E2AB36BE4003244DC /* Tests_iOS.swift in Sources */,
			);
			runOnlyForDeploymentPostprocessing = 0;
		};
		63C2C3A12AB36BE4003244DC /* Sources */ = {
			isa = PBXSourcesBuildPhase;
			buildActionMask = 2147483647;
			files = (
				63C2C3AC2AB36BE4003244DC /* Tests_macOSLaunchTests.swift in Sources */,
				63C2C3AA2AB36BE4003244DC /* Tests_macOS.swift in Sources */,
			);
			runOnlyForDeploymentPostprocessing = 0;
		};
/* End PBXSourcesBuildPhase section */

/* Begin PBXTargetDependency section */
		63C2C39B2AB36BE4003244DC /* PBXTargetDependency */ = {
			isa = PBXTargetDependency;
			target = 63C2C38B2AB36BE3003244DC /* Gitdemo (iOS) */;
			targetProxy = 63C2C39A2AB36BE4003244DC /* PBXContainerItemProxy */;
		};
		63C2C3A72AB36BE4003244DC /* PBXTargetDependency */ = {
			isa = PBXTargetDependency;
			target = 63C2C3912AB36BE4003244DC /* Gitdemo (macOS) */;
			targetProxy = 63C2C3A62AB36BE4003244DC /* PBXContainerItemProxy */;
		};
/* End PBXTargetDependency section */

/* Begin XCBuildConfiguration section */
		63C2C3B32AB36BE4003244DC /* Debug */ = {
			isa = XCBuildConfiguration;
			buildSettings = {
				ALWAYS_SEARCH_USER_PATHS = NO;
				CLANG_ANALYZER_NONNULL = YES;
				CLANG_ANALYZER_NUMBER_OBJECT_CONVERSION = YES_AGGRESSIVE;
				CLANG_CXX_LANGUAGE_STANDARD = "gnu++17";
				CLANG_ENABLE_MODULES = YES;
				CLANG_ENABLE_OBJC_ARC = YES;
				CLANG_ENABLE_OBJC_WEAK = YES;
				CLANG_WARN_BLOCK_CAPTURE_AUTORELEASING = YES;
				CLANG_WARN_BOOL_CONVERSION = YES;
				CLANG_WARN_COMMA = YES;
				CLANG_WARN_CONSTANT_CONVERSION = YES;
				CLANG_WARN_DEPRECATED_OBJC_IMPLEMENTATIONS = YES;
				CLANG_WARN_DIRECT_OBJC_ISA_USAGE = YES_ERROR;
				CLANG_WARN_DOCUMENTATION_COMMENTS = YES;
				CLANG_WARN_EMPTY_BODY = YES;
				CLANG_WARN_ENUM_CONVERSION = YES;
				CLANG_WARN_INFINITE_RECURSION = YES;
				CLANG_WARN_INT_CONVERSION = YES;
				CLANG_WARN_NON_LITERAL_NULL_CONVERSION = YES;
				CLANG_WARN_OBJC_IMPLICIT_RETAIN_SELF = YES;
				CLANG_WARN_OBJC_LITERAL_CONVERSION = YES;
				CLANG_WARN_OBJC_ROOT_CLASS = YES_ERROR;
				CLANG_WARN_QUOTED_INCLUDE_IN_FRAMEWORK_HEADER = YES;
				CLANG_WARN_RANGE_LOOP_ANALYSIS = YES;
				CLANG_WARN_STRICT_PROTOTYPES = YES;
				CLANG_WARN_SUSPICIOUS_MOVE = YES;
				CLANG_WARN_UNGUARDED_AVAILABILITY = YES_AGGRESSIVE;
				CLANG_WARN_UNREACHABLE_CODE = YES;
				CLANG_WARN__DUPLICATE_METHOD_MATCH = YES;
				COPY_PHASE_STRIP = NO;
				DEBUG_INFORMATION_FORMAT = dwarf;
				ENABLE_STRICT_OBJC_MSGSEND = YES;
				ENABLE_TESTABILITY = YES;
				GCC_C_LANGUAGE_STANDARD = gnu11;
				GCC_DYNAMIC_NO_PIC = NO;
				GCC_NO_COMMON_BLOCKS = YES;
				GCC_OPTIMIZATION_LEVEL = 0;
				GCC_PREPROCESSOR_DEFINITIONS = (
					"DEBUG=1",
					"$(inherited)",
				);
				GCC_WARN_64_TO_32_BIT_CONVERSION = YES;
				GCC_WARN_ABOUT_RETURN_TYPE = YES_ERROR;
				GCC_WARN_UNDECLARED_SELECTOR = YES;
				GCC_WARN_UNINITIALIZED_AUTOS = YES_AGGRESSIVE;
				GCC_WARN_UNUSED_FUNCTION = YES;
				GCC_WARN_UNUSED_VARIABLE = YES;
				MTL_ENABLE_DEBUG_INFO = INCLUDE_SOURCE;
				MTL_FAST_MATH = YES;
				ONLY_ACTIVE_ARCH = YES;
				SWIFT_ACTIVE_COMPILATION_CONDITIONS = DEBUG;
				SWIFT_OPTIMIZATION_LEVEL = "-Onone";
			};
			name = Debug;
		};
		63C2C3B42AB36BE4003244DC /* Release */ = {
			isa = XCBuildConfiguration;
			buildSettings = {
				ALWAYS_SEARCH_USER_PATHS = NO;
				CLANG_ANALYZER_NONNULL = YES;
				CLANG_ANALYZER_NUMBER_OBJECT_CONVERSION = YES_AGGRESSIVE;
				CLANG_CXX_LANGUAGE_STANDARD = "gnu++17";
				CLANG_ENABLE_MODULES = YES;
				CLANG_ENABLE_OBJC_ARC = YES;
				CLANG_ENABLE_OBJC_WEAK = YES;
				CLANG_WARN_BLOCK_CAPTURE_AUTORELEASING = YES;
				CLANG_WARN_BOOL_CONVERSION = YES;
				CLANG_WARN_COMMA = YES;
				CLANG_WARN_CONSTANT_CONVERSION = YES;
				CLANG_WARN_DEPRECATED_OBJC_IMPLEMENTATIONS = YES;
				CLANG_WARN_DIRECT_OBJC_ISA_USAGE = YES_ERROR;
				CLANG_WARN_DOCUMENTATION_COMMENTS = YES;
				CLANG_WARN_EMPTY_BODY = YES;
				CLANG_WARN_ENUM_CONVERSION = YES;
				CLANG_WARN_INFINITE_RECURSION = YES;
				CLANG_WARN_INT_CONVERSION = YES;
				CLANG_WARN_NON_LITERAL_NULL_CONVERSION = YES;
				CLANG_WARN_OBJC_IMPLICIT_RETAIN_SELF = YES;
				CLANG_WARN_OBJC_LITERAL_CONVERSION = YES;
				CLANG_WARN_OBJC_ROOT_CLASS = YES_ERROR;
				CLANG_WARN_QUOTED_INCLUDE_IN_FRAMEWORK_HEADER = YES;
				CLANG_WARN_RANGE_LOOP_ANALYSIS = YES;
				CLANG_WARN_STRICT_PROTOTYPES = YES;
				CLANG_WARN_SUSPICIOUS_MOVE = YES;
				CLANG_WARN_UNGUARDED_AVAILABILITY = YES_AGGRESSIVE;
				CLANG_WARN_UNREACHABLE_CODE = YES;
				CLANG_WARN__DUPLICATE_METHOD_MATCH = YES;
				COPY_PHASE_STRIP = NO;
				DEBUG_INFORMATION_FORMAT = "dwarf-with-dsym";
				ENABLE_NS_ASSERTIONS = NO;
				ENABLE_STRICT_OBJC_MSGSEND = YES;
				GCC_C_LANGUAGE_STANDARD = gnu11;
				GCC_NO_COMMON_BLOCKS = YES;
				GCC_WARN_64_TO_32_BIT_CONVERSION = YES;
				GCC_WARN_ABOUT_RETURN_TYPE = YES_ERROR;
				GCC_WARN_UNDECLARED_SELECTOR = YES;
				GCC_WARN_UNINITIALIZED_AUTOS = YES_AGGRESSIVE;
				GCC_WARN_UNUSED_FUNCTION = YES;
				GCC_WARN_UNUSED_VARIABLE = YES;
				MTL_ENABLE_DEBUG_INFO = NO;
				MTL_FAST_MATH = YES;
				SWIFT_COMPILATION_MODE = wholemodule;
				SWIFT_OPTIMIZATION_LEVEL = "-O";
			};
			name = Release;
		};
		63C2C3B62AB36BE4003244DC /* Debug */ = {
			isa = XCBuildConfiguration;
			buildSettings = {
				ASSETCATALOG_COMPILER_APPICON_NAME = AppIcon;
				ASSETCATALOG_COMPILER_GLOBAL_ACCENT_COLOR_NAME = AccentColor;
				CODE_SIGN_STYLE = Automatic;
				CURRENT_PROJECT_VERSION = 1;
				ENABLE_PREVIEWS = YES;
				GENERATE_INFOPLIST_FILE = YES;
				INFOPLIST_KEY_UIApplicationSceneManifest_Generation = YES;
				INFOPLIST_KEY_UIApplicationSupportsIndirectInputEvents = YES;
				INFOPLIST_KEY_UILaunchScreen_Generation = YES;
				INFOPLIST_KEY_UISupportedInterfaceOrientations_iPad = "UIInterfaceOrientationPortrait UIInterfaceOrientationPortraitUpsideDown UIInterfaceOrientationLandscapeLeft UIInterfaceOrientationLandscapeRight";
				INFOPLIST_KEY_UISupportedInterfaceOrientations_iPhone = "UIInterfaceOrientationPortrait UIInterfaceOrientationLandscapeLeft UIInterfaceOrientationLandscapeRight";
				IPHONEOS_DEPLOYMENT_TARGET = 15.5;
				LD_RUNPATH_SEARCH_PATHS = (
					"$(inherited)",
					"@executable_path/Frameworks",
				);
				MARKETING_VERSION = 1.0;
				PRODUCT_BUNDLE_IDENTIFIER = "By-my-self.Gitdemo";
				PRODUCT_NAME = Gitdemo;
				SDKROOT = iphoneos;
				SWIFT_EMIT_LOC_STRINGS = YES;
				SWIFT_VERSION = 5.0;
				TARGETED_DEVICE_FAMILY = "1,2";
			};
			name = Debug;
		};
		63C2C3B72AB36BE4003244DC /* Release */ = {
			isa = XCBuildConfiguration;
			buildSettings = {
				ASSETCATALOG_COMPILER_APPICON_NAME = AppIcon;
				ASSETCATALOG_COMPILER_GLOBAL_ACCENT_COLOR_NAME = AccentColor;
				CODE_SIGN_STYLE = Automatic;
				CURRENT_PROJECT_VERSION = 1;
				ENABLE_PREVIEWS = YES;
				GENERATE_INFOPLIST_FILE = YES;
				INFOPLIST_KEY_UIApplicationSceneManifest_Generation = YES;
				INFOPLIST_KEY_UIApplicationSupportsIndirectInputEvents = YES;
				INFOPLIST_KEY_UILaunchScreen_Generation = YES;
				INFOPLIST_KEY_UISupportedInterfaceOrientations_iPad = "UIInterfaceOrientationPortrait UIInterfaceOrientationPortraitUpsideDown UIInterfaceOrientationLandscapeLeft UIInterfaceOrientationLandscapeRight";
				INFOPLIST_KEY_UISupportedInterfaceOrientations_iPhone = "UIInterfaceOrientationPortrait UIInterfaceOrientationLandscapeLeft UIInterfaceOrientationLandscapeRight";
				IPHONEOS_DEPLOYMENT_TARGET = 15.5;
				LD_RUNPATH_SEARCH_PATHS = (
					"$(inherited)",
					"@executable_path/Frameworks",
				);
				MARKETING_VERSION = 1.0;
				PRODUCT_BUNDLE_IDENTIFIER = "By-my-self.Gitdemo";
				PRODUCT_NAME = Gitdemo;
				SDKROOT = iphoneos;
				SWIFT_EMIT_LOC_STRINGS = YES;
				SWIFT_VERSION = 5.0;
				TARGETED_DEVICE_FAMILY = "1,2";
				VALIDATE_PRODUCT = YES;
			};
			name = Release;
		};
		63C2C3B92AB36BE4003244DC /* Debug */ = {
			isa = XCBuildConfiguration;
			buildSettings = {
				ASSETCATALOG_COMPILER_APPICON_NAME = AppIcon;
				ASSETCATALOG_COMPILER_GLOBAL_ACCENT_COLOR_NAME = AccentColor;
				CODE_SIGN_ENTITLEMENTS = macOS/macOS.entitlements;
				CODE_SIGN_STYLE = Automatic;
				COMBINE_HIDPI_IMAGES = YES;
				CURRENT_PROJECT_VERSION = 1;
				ENABLE_PREVIEWS = YES;
				GENERATE_INFOPLIST_FILE = YES;
				INFOPLIST_KEY_NSHumanReadableCopyright = "";
				LD_RUNPATH_SEARCH_PATHS = (
					"$(inherited)",
					"@executable_path/../Frameworks",
				);
				MACOSX_DEPLOYMENT_TARGET = 12.1;
				MARKETING_VERSION = 1.0;
				PRODUCT_BUNDLE_IDENTIFIER = "By-my-self.Gitdemo";
				PRODUCT_NAME = Gitdemo;
				SDKROOT = macosx;
				SWIFT_EMIT_LOC_STRINGS = YES;
				SWIFT_VERSION = 5.0;
			};
			name = Debug;
		};
		63C2C3BA2AB36BE4003244DC /* Release */ = {
			isa = XCBuildConfiguration;
			buildSettings = {
				ASSETCATALOG_COMPILER_APPICON_NAME = AppIcon;
				ASSETCATALOG_COMPILER_GLOBAL_ACCENT_COLOR_NAME = AccentColor;
				CODE_SIGN_ENTITLEMENTS = macOS/macOS.entitlements;
				CODE_SIGN_STYLE = Automatic;
				COMBINE_HIDPI_IMAGES = YES;
				CURRENT_PROJECT_VERSION = 1;
				ENABLE_PREVIEWS = YES;
				GENERATE_INFOPLIST_FILE = YES;
				INFOPLIST_KEY_NSHumanReadableCopyright = "";
				LD_RUNPATH_SEARCH_PATHS = (
					"$(inherited)",
					"@executable_path/../Frameworks",
				);
				MACOSX_DEPLOYMENT_TARGET = 12.1;
				MARKETING_VERSION = 1.0;
				PRODUCT_BUNDLE_IDENTIFIER = "By-my-self.Gitdemo";
				PRODUCT_NAME = Gitdemo;
				SDKROOT = macosx;
				SWIFT_EMIT_LOC_STRINGS = YES;
				SWIFT_VERSION = 5.0;
			};
			name = Release;
		};
		63C2C3BC2AB36BE4003244DC /* Debug */ = {
			isa = XCBuildConfiguration;
			buildSettings = {
				ALWAYS_EMBED_SWIFT_STANDARD_LIBRARIES = YES;
				CODE_SIGN_STYLE = Automatic;
				CURRENT_PROJECT_VERSION = 1;
				GENERATE_INFOPLIST_FILE = YES;
				IPHONEOS_DEPLOYMENT_TARGET = 15.5;
				MARKETING_VERSION = 1.0;
				PRODUCT_BUNDLE_IDENTIFIER = "By-my-self.Tests-iOS";
				PRODUCT_NAME = "$(TARGET_NAME)";
				SDKROOT = iphoneos;
				SWIFT_EMIT_LOC_STRINGS = NO;
				SWIFT_VERSION = 5.0;
				TARGETED_DEVICE_FAMILY = "1,2";
				TEST_TARGET_NAME = "Gitdemo (iOS)";
			};
			name = Debug;
		};
		63C2C3BD2AB36BE4003244DC /* Release */ = {
			isa = XCBuildConfiguration;
			buildSettings = {
				ALWAYS_EMBED_SWIFT_STANDARD_LIBRARIES = YES;
				CODE_SIGN_STYLE = Automatic;
				CURRENT_PROJECT_VERSION = 1;
				GENERATE_INFOPLIST_FILE = YES;
				IPHONEOS_DEPLOYMENT_TARGET = 15.5;
				MARKETING_VERSION = 1.0;
				PRODUCT_BUNDLE_IDENTIFIER = "By-my-self.Tests-iOS";
				PRODUCT_NAME = "$(TARGET_NAME)";
				SDKROOT = iphoneos;
				SWIFT_EMIT_LOC_STRINGS = NO;
				SWIFT_VERSION = 5.0;
				TARGETED_DEVICE_FAMILY = "1,2";
				TEST_TARGET_NAME = "Gitdemo (iOS)";
				VALIDATE_PRODUCT = YES;
			};
			name = Release;
		};
		63C2C3BF2AB36BE4003244DC /* Debug */ = {
			isa = XCBuildConfiguration;
			buildSettings = {
				ALWAYS_EMBED_SWIFT_STANDARD_LIBRARIES = YES;
				CODE_SIGN_STYLE = Automatic;
				CURRENT_PROJECT_VERSION = 1;
				GENERATE_INFOPLIST_FILE = YES;
				MACOSX_DEPLOYMENT_TARGET = 12.1;
				MARKETING_VERSION = 1.0;
				PRODUCT_BUNDLE_IDENTIFIER = "By-my-self.Tests-macOS";
				PRODUCT_NAME = "$(TARGET_NAME)";
				SDKROOT = macosx;
				SWIFT_EMIT_LOC_STRINGS = NO;
				SWIFT_VERSION = 5.0;
				TEST_TARGET_NAME = "Gitdemo (macOS)";
			};
			name = Debug;
		};
		63C2C3C02AB36BE4003244DC /* Release */ = {
			isa = XCBuildConfiguration;
			buildSettings = {
				ALWAYS_EMBED_SWIFT_STANDARD_LIBRARIES = YES;
				CODE_SIGN_STYLE = Automatic;
				CURRENT_PROJECT_VERSION = 1;
				GENERATE_INFOPLIST_FILE = YES;
				MACOSX_DEPLOYMENT_TARGET = 12.1;
				MARKETING_VERSION = 1.0;
				PRODUCT_BUNDLE_IDENTIFIER = "By-my-self.Tests-macOS";
				PRODUCT_NAME = "$(TARGET_NAME)";
				SDKROOT = macosx;
				SWIFT_EMIT_LOC_STRINGS = NO;
				SWIFT_VERSION = 5.0;
				TEST_TARGET_NAME = "Gitdemo (macOS)";
			};
			name = Release;
		};
/* End XCBuildConfiguration section */

/* Begin XCConfigurationList section */
		63C2C3832AB36BE1003244DC /* Build configuration list for PBXProject "Gitdemo" */ = {
			isa = XCConfigurationList;
			buildConfigurations = (
				63C2C3B32AB36BE4003244DC /* Debug */,
				63C2C3B42AB36BE4003244DC /* Release */,
			);
			defaultConfigurationIsVisible = 0;
			defaultConfigurationName = Release;
		};
		63C2C3B52AB36BE4003244DC /* Build configuration list for PBXNativeTarget "Gitdemo (iOS)" */ = {
			isa = XCConfigurationList;
			buildConfigurations = (
				63C2C3B62AB36BE4003244DC /* Debug */,
				63C2C3B72AB36BE4003244DC /* Release */,
			);
			defaultConfigurationIsVisible = 0;
			defaultConfigurationName = Release;
		};
		63C2C3B82AB36BE4003244DC /* Build configuration list for PBXNativeTarget "Gitdemo (macOS)" */ = {
			isa = XCConfigurationList;
			buildConfigurations = (
				63C2C3B92AB36BE4003244DC /* Debug */,
				63C2C3BA2AB36BE4003244DC /* Release */,
			);
			defaultConfigurationIsVisible = 0;
			defaultConfigurationName = Release;
		};
		63C2C3BB2AB36BE4003244DC /* Build configuration list for PBXNativeTarget "Tests iOS" */ = {
			isa = XCConfigurationList;
			buildConfigurations = (
				63C2C3BC2AB36BE4003244DC /* Debug */,
				63C2C3BD2AB36BE4003244DC /* Release */,
			);
			defaultConfigurationIsVisible = 0;
			defaultConfigurationName = Release;
		};
		63C2C3BE2AB36BE4003244DC /* Build configuration list for PBXNativeTarget "Tests macOS" */ = {
			isa = XCConfigurationList;
			buildConfigurations = (
				63C2C3BF2AB36BE4003244DC /* Debug */,
				63C2C3C02AB36BE4003244DC /* Release */,
			);
			defaultConfigurationIsVisible = 0;
			defaultConfigurationName = Release;
		};
/* End XCConfigurationList section */
	};
	rootObject = 63C2C3802AB36BE1003244DC /* Project object */;
}
